// !$*UTF8*$!
{
	archiveVersion = 1;
	classes = {
	};
	objectVersion = 46;
	objects = {

/* Begin PBXBuildFile section */
		BC114C0A18A9C28F004D2294 /* Foundation.framework in Frameworks */ = {isa = PBXBuildFile; fileRef = BC114C0918A9C28F004D2294 /* Foundation.framework */; };
		BC114C0C18A9C28F004D2294 /* CoreGraphics.framework in Frameworks */ = {isa = PBXBuildFile; fileRef = BC114C0B18A9C28F004D2294 /* CoreGraphics.framework */; };
		BC114C0E18A9C28F004D2294 /* UIKit.framework in Frameworks */ = {isa = PBXBuildFile; fileRef = BC114C0D18A9C28F004D2294 /* UIKit.framework */; };
		BC114C1418A9C28F004D2294 /* InfoPlist.strings in Resources */ = {isa = PBXBuildFile; fileRef = BC114C1218A9C28F004D2294 /* InfoPlist.strings */; };
		BC114C1618A9C28F004D2294 /* main.m in Sources */ = {isa = PBXBuildFile; fileRef = BC114C1518A9C28F004D2294 /* main.m */; };
		BC114C1A18A9C28F004D2294 /* BGAppDelegate.m in Sources */ = {isa = PBXBuildFile; fileRef = BC114C1918A9C28F004D2294 /* BGAppDelegate.m */; };
		BC114C1C18A9C28F004D2294 /* Images.xcassets in Resources */ = {isa = PBXBuildFile; fileRef = BC114C1B18A9C28F004D2294 /* Images.xcassets */; };
		BC114C2318A9C28F004D2294 /* XCTest.framework in Frameworks */ = {isa = PBXBuildFile; fileRef = BC114C2218A9C28F004D2294 /* XCTest.framework */; };
		BC114C2418A9C28F004D2294 /* Foundation.framework in Frameworks */ = {isa = PBXBuildFile; fileRef = BC114C0918A9C28F004D2294 /* Foundation.framework */; };
		BC114C2518A9C28F004D2294 /* UIKit.framework in Frameworks */ = {isa = PBXBuildFile; fileRef = BC114C0D18A9C28F004D2294 /* UIKit.framework */; };
		BC114C2D18A9C28F004D2294 /* InfoPlist.strings in Resources */ = {isa = PBXBuildFile; fileRef = BC114C2B18A9C28F004D2294 /* InfoPlist.strings */; };
		BC114C2F18A9C28F004D2294 /* bitbird_iosTests.m in Sources */ = {isa = PBXBuildFile; fileRef = BC114C2E18A9C28F004D2294 /* bitbird_iosTests.m */; };
		BC114D8818A9C472004D2294 /* KeychainItemWrapper.m in Sources */ = {isa = PBXBuildFile; fileRef = BC114C5718A9C471004D2294 /* KeychainItemWrapper.m */; };
		BC114D8918A9C472004D2294 /* wwanconnect.c in Sources */ = {isa = PBXBuildFile; fileRef = BC114C5818A9C471004D2294 /* wwanconnect.c */; };
		BC114D8C18A9C472004D2294 /* GTMNSString+HTML.m in Sources */ = {isa = PBXBuildFile; fileRef = BC114C6218A9C471004D2294 /* GTMNSString+HTML.m */; settings = {COMPILER_FLAGS = "-fno-objc-arc"; }; };
		BC114D8D18A9C472004D2294 /* JSONKit.m in Sources */ = {isa = PBXBuildFile; fileRef = BC114C6618A9C471004D2294 /* JSONKit.m */; settings = {COMPILER_FLAGS = "-fno-objc-arc"; }; };
		BC114E1518A9C472004D2294 /* libTestFlight.a in Frameworks */ = {isa = PBXBuildFile; fileRef = BC114D7918A9C472004D2294 /* libTestFlight.a */; };
		BC114E1918A9C472004D2294 /* UIDevice-Orientation.m in Sources */ = {isa = PBXBuildFile; fileRef = BC114D8518A9C472004D2294 /* UIDevice-Orientation.m */; };
		BC114E1A18A9C472004D2294 /* UIDevice-Reachability.m in Sources */ = {isa = PBXBuildFile; fileRef = BC114D8718A9C472004D2294 /* UIDevice-Reachability.m */; settings = {COMPILER_FLAGS = "-fno-objc-arc"; }; };
		BC114E4C18A9C4BF004D2294 /* NSError+Additions.m in Sources */ = {isa = PBXBuildFile; fileRef = BC114E3618A9C4BF004D2294 /* NSError+Additions.m */; };
		BC114E4D18A9C4BF004D2294 /* NSString+Additions.m in Sources */ = {isa = PBXBuildFile; fileRef = BC114E3818A9C4BF004D2294 /* NSString+Additions.m */; };
		BC114E4E18A9C4BF004D2294 /* NSString+HTML.m in Sources */ = {isa = PBXBuildFile; fileRef = BC114E3A18A9C4BF004D2294 /* NSString+HTML.m */; settings = {COMPILER_FLAGS = "-fno-objc-arc"; }; };
		BC114E4F18A9C4BF004D2294 /* UIImage+Additions.m in Sources */ = {isa = PBXBuildFile; fileRef = BC114E3C18A9C4BF004D2294 /* UIImage+Additions.m */; };
		BC114E5018A9C4BF004D2294 /* UILabel+FlexibleHeight.m in Sources */ = {isa = PBXBuildFile; fileRef = BC114E3E18A9C4BF004D2294 /* UILabel+FlexibleHeight.m */; };
		BC114E5118A9C4BF004D2294 /* UILabel+LatoFont.m in Sources */ = {isa = PBXBuildFile; fileRef = BC114E4018A9C4BF004D2294 /* UILabel+LatoFont.m */; };
		BC114E5A18A9C5DD004D2294 /* Accelerate.framework in Frameworks */ = {isa = PBXBuildFile; fileRef = BC114E5218A9C5DD004D2294 /* Accelerate.framework */; };
		BC114E5B18A9C5DD004D2294 /* Accounts.framework in Frameworks */ = {isa = PBXBuildFile; fileRef = BC114E5318A9C5DD004D2294 /* Accounts.framework */; };
		BC114E5C18A9C5DD004D2294 /* AdSupport.framework in Frameworks */ = {isa = PBXBuildFile; fileRef = BC114E5418A9C5DD004D2294 /* AdSupport.framework */; };
		BC114E5D18A9C5DD004D2294 /* AudioToolbox.framework in Frameworks */ = {isa = PBXBuildFile; fileRef = BC114E5518A9C5DD004D2294 /* AudioToolbox.framework */; };
		BC114E5F18A9C5DD004D2294 /* AVFoundation.framework in Frameworks */ = {isa = PBXBuildFile; fileRef = BC114E5718A9C5DD004D2294 /* AVFoundation.framework */; };
		BC114E6018A9C5DD004D2294 /* CFNetwork.framework in Frameworks */ = {isa = PBXBuildFile; fileRef = BC114E5818A9C5DD004D2294 /* CFNetwork.framework */; };
		BC114E6118A9C5DD004D2294 /* CoreAudio.framework in Frameworks */ = {isa = PBXBuildFile; fileRef = BC114E5918A9C5DD004D2294 /* CoreAudio.framework */; };
		BC114E6918A9C607004D2294 /* CoreImage.framework in Frameworks */ = {isa = PBXBuildFile; fileRef = BC114E6218A9C607004D2294 /* CoreImage.framework */; };
		BC114E6A18A9C607004D2294 /* CoreText.framework in Frameworks */ = {isa = PBXBuildFile; fileRef = BC114E6318A9C607004D2294 /* CoreText.framework */; };
		BC114E6B18A9C607004D2294 /* iAd.framework in Frameworks */ = {isa = PBXBuildFile; fileRef = BC114E6418A9C607004D2294 /* iAd.framework */; };
		BC114E6C18A9C607004D2294 /* ImageIO.framework in Frameworks */ = {isa = PBXBuildFile; fileRef = BC114E6518A9C607004D2294 /* ImageIO.framework */; };
		BC114E6D18A9C607004D2294 /* MobileCoreServices.framework in Frameworks */ = {isa = PBXBuildFile; fileRef = BC114E6618A9C607004D2294 /* MobileCoreServices.framework */; };
		BC114E6E18A9C607004D2294 /* QuartzCore.framework in Frameworks */ = {isa = PBXBuildFile; fileRef = BC114E6718A9C607004D2294 /* QuartzCore.framework */; };
		BC114E6F18A9C607004D2294 /* Security.framework in Frameworks */ = {isa = PBXBuildFile; fileRef = BC114E6818A9C607004D2294 /* Security.framework */; };
		BC114E7418A9C692004D2294 /* KSBaseViewController.m in Sources */ = {isa = PBXBuildFile; fileRef = BC114E7118A9C692004D2294 /* KSBaseViewController.m */; };
		BC114E7518A9C692004D2294 /* KSNavigationViewController.m in Sources */ = {isa = PBXBuildFile; fileRef = BC114E7318A9C692004D2294 /* KSNavigationViewController.m */; };
		BC114E7818A9C71B004D2294 /* BGBaseViewController.m in Sources */ = {isa = PBXBuildFile; fileRef = BC114E7718A9C71B004D2294 /* BGBaseViewController.m */; };
		BC114E7C18A9C749004D2294 /* BGNavigationViewController.m in Sources */ = {isa = PBXBuildFile; fileRef = BC114E7B18A9C749004D2294 /* BGNavigationViewController.m */; };
		BC114E7F18A9C774004D2294 /* BGMainMenuViewController.m in Sources */ = {isa = PBXBuildFile; fileRef = BC114E7E18A9C774004D2294 /* BGMainMenuViewController.m */; };
		BC114E8218A9C784004D2294 /* BGGameViewController.m in Sources */ = {isa = PBXBuildFile; fileRef = BC114E8118A9C784004D2294 /* BGGameViewController.m */; };
		BC114E8418A9C99F004D2294 /* SpriteKit.framework in Frameworks */ = {isa = PBXBuildFile; fileRef = BC114E8318A9C99F004D2294 /* SpriteKit.framework */; };
		BC114E8718A9CB05004D2294 /* GameScene.m in Sources */ = {isa = PBXBuildFile; fileRef = BC114E8618A9CB05004D2294 /* GameScene.m */; };
		BC114E9218A9D06F004D2294 /* GameOverScene.m in Sources */ = {isa = PBXBuildFile; fileRef = BC114E9118A9D06F004D2294 /* GameOverScene.m */; };
		BC114EBD18ADC579004D2294 /* bird1@2x.png in Resources */ = {isa = PBXBuildFile; fileRef = BC114E9D18ADC579004D2294 /* bird1@2x.png */; };
		BC114EBE18ADC579004D2294 /* bird2@2x.png in Resources */ = {isa = PBXBuildFile; fileRef = BC114E9E18ADC579004D2294 /* bird2@2x.png */; };
		BC114EBF18ADC579004D2294 /* floor@2x.png in Resources */ = {isa = PBXBuildFile; fileRef = BC114E9F18ADC579004D2294 /* floor@2x.png */; };
		BC114EC018ADC579004D2294 /* pipe@2x.png in Resources */ = {isa = PBXBuildFile; fileRef = BC114EA018ADC579004D2294 /* pipe@2x.png */; };
		BC114EC118ADC579004D2294 /* sky@2x.png in Resources */ = {isa = PBXBuildFile; fileRef = BC114EA118ADC579004D2294 /* sky@2x.png */; };
		BC114EC218ADC579004D2294 /* Fipps-Regular.otf in Resources */ = {isa = PBXBuildFile; fileRef = BC114EA318ADC579004D2294 /* Fipps-Regular.otf */; };
		BC114EC318ADC579004D2294 /* Default-568h@2x.png in Resources */ = {isa = PBXBuildFile; fileRef = BC114EA518ADC579004D2294 /* Default-568h@2x.png */; };
		BC114EC418ADC579004D2294 /* Default@2x.png in Resources */ = {isa = PBXBuildFile; fileRef = BC114EA618ADC579004D2294 /* Default@2x.png */; };
		BC114EC518ADC579004D2294 /* Icon-40.png in Resources */ = {isa = PBXBuildFile; fileRef = BC114EA818ADC579004D2294 /* Icon-40.png */; };
		BC114EC618ADC579004D2294 /* Icon-40@2x.png in Resources */ = {isa = PBXBuildFile; fileRef = BC114EA918ADC579004D2294 /* Icon-40@2x.png */; };
		BC114EC718ADC579004D2294 /* Icon-60.png in Resources */ = {isa = PBXBuildFile; fileRef = BC114EAA18ADC579004D2294 /* Icon-60.png */; };
		BC114EC818ADC579004D2294 /* Icon-60@2x.png in Resources */ = {isa = PBXBuildFile; fileRef = BC114EAB18ADC579004D2294 /* Icon-60@2x.png */; };
		BC114EC918ADC579004D2294 /* Icon-72.png in Resources */ = {isa = PBXBuildFile; fileRef = BC114EAC18ADC579004D2294 /* Icon-72.png */; };
		BC114ECA18ADC579004D2294 /* Icon-72@2x.png in Resources */ = {isa = PBXBuildFile; fileRef = BC114EAD18ADC579004D2294 /* Icon-72@2x.png */; };
		BC114ECB18ADC579004D2294 /* Icon-76.png in Resources */ = {isa = PBXBuildFile; fileRef = BC114EAE18ADC579004D2294 /* Icon-76.png */; };
		BC114ECC18ADC579004D2294 /* Icon-76@2x.png in Resources */ = {isa = PBXBuildFile; fileRef = BC114EAF18ADC579004D2294 /* Icon-76@2x.png */; };
		BC114ECD18ADC579004D2294 /* Icon-Small-50.png in Resources */ = {isa = PBXBuildFile; fileRef = BC114EB018ADC579004D2294 /* Icon-Small-50.png */; };
		BC114ECE18ADC579004D2294 /* Icon-Small-50@2x.png in Resources */ = {isa = PBXBuildFile; fileRef = BC114EB118ADC579004D2294 /* Icon-Small-50@2x.png */; };
		BC114ECF18ADC579004D2294 /* Icon-Small.png in Resources */ = {isa = PBXBuildFile; fileRef = BC114EB218ADC579004D2294 /* Icon-Small.png */; };
		BC114ED018ADC579004D2294 /* Icon-Small@2x.png in Resources */ = {isa = PBXBuildFile; fileRef = BC114EB318ADC579004D2294 /* Icon-Small@2x.png */; };
		BC114ED118ADC579004D2294 /* Icon.png in Resources */ = {isa = PBXBuildFile; fileRef = BC114EB418ADC579004D2294 /* Icon.png */; };
		BC114ED218ADC579004D2294 /* Icon@2x.png in Resources */ = {isa = PBXBuildFile; fileRef = BC114EB518ADC579004D2294 /* Icon@2x.png */; };
		BC114ED318ADC579004D2294 /* iTunesArtwork.png in Resources */ = {isa = PBXBuildFile; fileRef = BC114EB618ADC579004D2294 /* iTunesArtwork.png */; };
		BC114ED418ADC579004D2294 /* iTunesArtwork@2x.png in Resources */ = {isa = PBXBuildFile; fileRef = BC114EB718ADC579004D2294 /* iTunesArtwork@2x.png */; };
		BC114ED518ADC579004D2294 /* coin.wav in Resources */ = {isa = PBXBuildFile; fileRef = BC114EB918ADC579004D2294 /* coin.wav */; };
		BC114ED618ADC579004D2294 /* gameover.wav in Resources */ = {isa = PBXBuildFile; fileRef = BC114EBA18ADC579004D2294 /* gameover.wav */; };
		BC114ED718ADC579004D2294 /* jump.mp3 in Resources */ = {isa = PBXBuildFile; fileRef = BC114EBB18ADC579004D2294 /* jump.mp3 */; };
		BC114ED818ADC579004D2294 /* jump.wav in Resources */ = {isa = PBXBuildFile; fileRef = BC114EBC18ADC579004D2294 /* jump.wav */; };
		BC114EDB18ADC661004D2294 /* BGBird.m in Sources */ = {isa = PBXBuildFile; fileRef = BC114EDA18ADC661004D2294 /* BGBird.m */; };
/* End PBXBuildFile section */

/* Begin PBXContainerItemProxy section */
		BC114C2618A9C28F004D2294 /* PBXContainerItemProxy */ = {
			isa = PBXContainerItemProxy;
			containerPortal = BC114BFE18A9C28F004D2294 /* Project object */;
			proxyType = 1;
			remoteGlobalIDString = BC114C0518A9C28F004D2294;
			remoteInfo = "bitbird-ios";
		};
/* End PBXContainerItemProxy section */

/* Begin PBXFileReference section */
		BC114C0618A9C28F004D2294 /* Bit Bird.app */ = {isa = PBXFileReference; explicitFileType = wrapper.application; includeInIndex = 0; path = "Bit Bird.app"; sourceTree = BUILT_PRODUCTS_DIR; };
		BC114C0918A9C28F004D2294 /* Foundation.framework */ = {isa = PBXFileReference; lastKnownFileType = wrapper.framework; name = Foundation.framework; path = System/Library/Frameworks/Foundation.framework; sourceTree = SDKROOT; };
		BC114C0B18A9C28F004D2294 /* CoreGraphics.framework */ = {isa = PBXFileReference; lastKnownFileType = wrapper.framework; name = CoreGraphics.framework; path = System/Library/Frameworks/CoreGraphics.framework; sourceTree = SDKROOT; };
		BC114C0D18A9C28F004D2294 /* UIKit.framework */ = {isa = PBXFileReference; lastKnownFileType = wrapper.framework; name = UIKit.framework; path = System/Library/Frameworks/UIKit.framework; sourceTree = SDKROOT; };
		BC114C1118A9C28F004D2294 /* bitbird-ios-Info.plist */ = {isa = PBXFileReference; lastKnownFileType = text.plist.xml; path = "bitbird-ios-Info.plist"; sourceTree = "<group>"; };
		BC114C1318A9C28F004D2294 /* en */ = {isa = PBXFileReference; lastKnownFileType = text.plist.strings; name = en; path = en.lproj/InfoPlist.strings; sourceTree = "<group>"; };
		BC114C1518A9C28F004D2294 /* main.m */ = {isa = PBXFileReference; lastKnownFileType = sourcecode.c.objc; path = main.m; sourceTree = "<group>"; };
		BC114C1718A9C28F004D2294 /* bitbird-ios-Prefix.pch */ = {isa = PBXFileReference; lastKnownFileType = sourcecode.c.h; path = "bitbird-ios-Prefix.pch"; sourceTree = "<group>"; };
		BC114C1818A9C28F004D2294 /* BGAppDelegate.h */ = {isa = PBXFileReference; lastKnownFileType = sourcecode.c.h; path = BGAppDelegate.h; sourceTree = "<group>"; };
		BC114C1918A9C28F004D2294 /* BGAppDelegate.m */ = {isa = PBXFileReference; lastKnownFileType = sourcecode.c.objc; path = BGAppDelegate.m; sourceTree = "<group>"; };
		BC114C1B18A9C28F004D2294 /* Images.xcassets */ = {isa = PBXFileReference; lastKnownFileType = folder.assetcatalog; path = Images.xcassets; sourceTree = "<group>"; };
		BC114C2118A9C28F004D2294 /* bitbird-iosTests.xctest */ = {isa = PBXFileReference; explicitFileType = wrapper.cfbundle; includeInIndex = 0; path = "bitbird-iosTests.xctest"; sourceTree = BUILT_PRODUCTS_DIR; };
		BC114C2218A9C28F004D2294 /* XCTest.framework */ = {isa = PBXFileReference; lastKnownFileType = wrapper.framework; name = XCTest.framework; path = Library/Frameworks/XCTest.framework; sourceTree = DEVELOPER_DIR; };
		BC114C2A18A9C28F004D2294 /* bitbird-iosTests-Info.plist */ = {isa = PBXFileReference; lastKnownFileType = text.plist.xml; path = "bitbird-iosTests-Info.plist"; sourceTree = "<group>"; };
		BC114C2C18A9C28F004D2294 /* en */ = {isa = PBXFileReference; lastKnownFileType = text.plist.strings; name = en; path = en.lproj/InfoPlist.strings; sourceTree = "<group>"; };
		BC114C2E18A9C28F004D2294 /* bitbird_iosTests.m */ = {isa = PBXFileReference; lastKnownFileType = sourcecode.c.objc; path = bitbird_iosTests.m; sourceTree = "<group>"; };
		BC114C5618A9C471004D2294 /* KeychainItemWrapper.h */ = {isa = PBXFileReference; fileEncoding = 4; lastKnownFileType = sourcecode.c.h; path = KeychainItemWrapper.h; sourceTree = "<group>"; };
		BC114C5718A9C471004D2294 /* KeychainItemWrapper.m */ = {isa = PBXFileReference; fileEncoding = 4; lastKnownFileType = sourcecode.c.objc; path = KeychainItemWrapper.m; sourceTree = "<group>"; };
		BC114C5818A9C471004D2294 /* wwanconnect.c */ = {isa = PBXFileReference; fileEncoding = 4; lastKnownFileType = sourcecode.c.c; path = wwanconnect.c; sourceTree = "<group>"; };
		BC114C5918A9C471004D2294 /* wwanconnect.h */ = {isa = PBXFileReference; fileEncoding = 4; lastKnownFileType = sourcecode.c.h; path = wwanconnect.h; sourceTree = "<group>"; };
		BC114C6118A9C471004D2294 /* GTMNSString+HTML.h */ = {isa = PBXFileReference; fileEncoding = 4; lastKnownFileType = sourcecode.c.h; path = "GTMNSString+HTML.h"; sourceTree = "<group>"; };
		BC114C6218A9C471004D2294 /* GTMNSString+HTML.m */ = {isa = PBXFileReference; fileEncoding = 4; lastKnownFileType = sourcecode.c.objc; path = "GTMNSString+HTML.m"; sourceTree = "<group>"; };
		BC114C6318A9C471004D2294 /* GTMDefines.h */ = {isa = PBXFileReference; fileEncoding = 4; lastKnownFileType = sourcecode.c.h; path = GTMDefines.h; sourceTree = "<group>"; };
		BC114C6518A9C471004D2294 /* JSONKit.h */ = {isa = PBXFileReference; fileEncoding = 4; lastKnownFileType = sourcecode.c.h; path = JSONKit.h; sourceTree = "<group>"; };
		BC114C6618A9C471004D2294 /* JSONKit.m */ = {isa = PBXFileReference; fileEncoding = 4; lastKnownFileType = sourcecode.c.objc; path = JSONKit.m; sourceTree = "<group>"; };
		BC114D7918A9C472004D2294 /* libTestFlight.a */ = {isa = PBXFileReference; lastKnownFileType = archive.ar; path = libTestFlight.a; sourceTree = "<group>"; };
		BC114D7A18A9C472004D2294 /* TestFlight+AsyncLogging.h */ = {isa = PBXFileReference; fileEncoding = 4; lastKnownFileType = sourcecode.c.h; path = "TestFlight+AsyncLogging.h"; sourceTree = "<group>"; };
		BC114D7B18A9C472004D2294 /* TestFlight+ManualSessions.h */ = {isa = PBXFileReference; fileEncoding = 4; lastKnownFileType = sourcecode.c.h; path = "TestFlight+ManualSessions.h"; sourceTree = "<group>"; };
		BC114D7C18A9C472004D2294 /* TestFlight.h */ = {isa = PBXFileReference; fileEncoding = 4; lastKnownFileType = sourcecode.c.h; path = TestFlight.h; sourceTree = "<group>"; };
		BC114D8418A9C472004D2294 /* UIDevice-Orientation.h */ = {isa = PBXFileReference; fileEncoding = 4; lastKnownFileType = sourcecode.c.h; path = "UIDevice-Orientation.h"; sourceTree = "<group>"; };
		BC114D8518A9C472004D2294 /* UIDevice-Orientation.m */ = {isa = PBXFileReference; fileEncoding = 4; lastKnownFileType = sourcecode.c.objc; path = "UIDevice-Orientation.m"; sourceTree = "<group>"; };
		BC114D8618A9C472004D2294 /* UIDevice-Reachability.h */ = {isa = PBXFileReference; fileEncoding = 4; lastKnownFileType = sourcecode.c.h; path = "UIDevice-Reachability.h"; sourceTree = "<group>"; };
		BC114D8718A9C472004D2294 /* UIDevice-Reachability.m */ = {isa = PBXFileReference; fileEncoding = 4; lastKnownFileType = sourcecode.c.objc; path = "UIDevice-Reachability.m"; sourceTree = "<group>"; };
		BC114E3518A9C4BF004D2294 /* NSError+Additions.h */ = {isa = PBXFileReference; fileEncoding = 4; lastKnownFileType = sourcecode.c.h; path = "NSError+Additions.h"; sourceTree = "<group>"; };
		BC114E3618A9C4BF004D2294 /* NSError+Additions.m */ = {isa = PBXFileReference; fileEncoding = 4; lastKnownFileType = sourcecode.c.objc; path = "NSError+Additions.m"; sourceTree = "<group>"; };
		BC114E3718A9C4BF004D2294 /* NSString+Additions.h */ = {isa = PBXFileReference; fileEncoding = 4; lastKnownFileType = sourcecode.c.h; path = "NSString+Additions.h"; sourceTree = "<group>"; };
		BC114E3818A9C4BF004D2294 /* NSString+Additions.m */ = {isa = PBXFileReference; fileEncoding = 4; lastKnownFileType = sourcecode.c.objc; path = "NSString+Additions.m"; sourceTree = "<group>"; };
		BC114E3918A9C4BF004D2294 /* NSString+HTML.h */ = {isa = PBXFileReference; fileEncoding = 4; lastKnownFileType = sourcecode.c.h; path = "NSString+HTML.h"; sourceTree = "<group>"; };
		BC114E3A18A9C4BF004D2294 /* NSString+HTML.m */ = {isa = PBXFileReference; fileEncoding = 4; lastKnownFileType = sourcecode.c.objc; path = "NSString+HTML.m"; sourceTree = "<group>"; };
		BC114E3B18A9C4BF004D2294 /* UIImage+Additions.h */ = {isa = PBXFileReference; fileEncoding = 4; lastKnownFileType = sourcecode.c.h; path = "UIImage+Additions.h"; sourceTree = "<group>"; };
		BC114E3C18A9C4BF004D2294 /* UIImage+Additions.m */ = {isa = PBXFileReference; fileEncoding = 4; lastKnownFileType = sourcecode.c.objc; path = "UIImage+Additions.m"; sourceTree = "<group>"; };
		BC114E3D18A9C4BF004D2294 /* UILabel+FlexibleHeight.h */ = {isa = PBXFileReference; fileEncoding = 4; lastKnownFileType = sourcecode.c.h; path = "UILabel+FlexibleHeight.h"; sourceTree = "<group>"; };
		BC114E3E18A9C4BF004D2294 /* UILabel+FlexibleHeight.m */ = {isa = PBXFileReference; fileEncoding = 4; lastKnownFileType = sourcecode.c.objc; path = "UILabel+FlexibleHeight.m"; sourceTree = "<group>"; };
		BC114E3F18A9C4BF004D2294 /* UILabel+LatoFont.h */ = {isa = PBXFileReference; fileEncoding = 4; lastKnownFileType = sourcecode.c.h; path = "UILabel+LatoFont.h"; sourceTree = "<group>"; };
		BC114E4018A9C4BF004D2294 /* UILabel+LatoFont.m */ = {isa = PBXFileReference; fileEncoding = 4; lastKnownFileType = sourcecode.c.objc; path = "UILabel+LatoFont.m"; sourceTree = "<group>"; };
		BC114E4518A9C4BF004D2294 /* BGConstants.h */ = {isa = PBXFileReference; fileEncoding = 4; lastKnownFileType = sourcecode.c.h; path = BGConstants.h; sourceTree = "<group>"; };
		BC114E4618A9C4BF004D2294 /* BGUIConstants.h */ = {isa = PBXFileReference; fileEncoding = 4; lastKnownFileType = sourcecode.c.h; path = BGUIConstants.h; sourceTree = "<group>"; };
		BC114E4718A9C4BF004D2294 /* KSMacros.h */ = {isa = PBXFileReference; fileEncoding = 4; lastKnownFileType = sourcecode.c.h; path = KSMacros.h; sourceTree = "<group>"; };
		BC114E5218A9C5DD004D2294 /* Accelerate.framework */ = {isa = PBXFileReference; lastKnownFileType = wrapper.framework; name = Accelerate.framework; path = System/Library/Frameworks/Accelerate.framework; sourceTree = SDKROOT; };
		BC114E5318A9C5DD004D2294 /* Accounts.framework */ = {isa = PBXFileReference; lastKnownFileType = wrapper.framework; name = Accounts.framework; path = System/Library/Frameworks/Accounts.framework; sourceTree = SDKROOT; };
		BC114E5418A9C5DD004D2294 /* AdSupport.framework */ = {isa = PBXFileReference; lastKnownFileType = wrapper.framework; name = AdSupport.framework; path = System/Library/Frameworks/AdSupport.framework; sourceTree = SDKROOT; };
		BC114E5518A9C5DD004D2294 /* AudioToolbox.framework */ = {isa = PBXFileReference; lastKnownFileType = wrapper.framework; name = AudioToolbox.framework; path = System/Library/Frameworks/AudioToolbox.framework; sourceTree = SDKROOT; };
		BC114E5618A9C5DD004D2294 /* AudioUnit.framework */ = {isa = PBXFileReference; lastKnownFileType = wrapper.framework; name = AudioUnit.framework; path = System/Library/Frameworks/AudioUnit.framework; sourceTree = SDKROOT; };
		BC114E5718A9C5DD004D2294 /* AVFoundation.framework */ = {isa = PBXFileReference; lastKnownFileType = wrapper.framework; name = AVFoundation.framework; path = System/Library/Frameworks/AVFoundation.framework; sourceTree = SDKROOT; };
		BC114E5818A9C5DD004D2294 /* CFNetwork.framework */ = {isa = PBXFileReference; lastKnownFileType = wrapper.framework; name = CFNetwork.framework; path = System/Library/Frameworks/CFNetwork.framework; sourceTree = SDKROOT; };
		BC114E5918A9C5DD004D2294 /* CoreAudio.framework */ = {isa = PBXFileReference; lastKnownFileType = wrapper.framework; name = CoreAudio.framework; path = System/Library/Frameworks/CoreAudio.framework; sourceTree = SDKROOT; };
		BC114E6218A9C607004D2294 /* CoreImage.framework */ = {isa = PBXFileReference; lastKnownFileType = wrapper.framework; name = CoreImage.framework; path = System/Library/Frameworks/CoreImage.framework; sourceTree = SDKROOT; };
		BC114E6318A9C607004D2294 /* CoreText.framework */ = {isa = PBXFileReference; lastKnownFileType = wrapper.framework; name = CoreText.framework; path = System/Library/Frameworks/CoreText.framework; sourceTree = SDKROOT; };
		BC114E6418A9C607004D2294 /* iAd.framework */ = {isa = PBXFileReference; lastKnownFileType = wrapper.framework; name = iAd.framework; path = System/Library/Frameworks/iAd.framework; sourceTree = SDKROOT; };
		BC114E6518A9C607004D2294 /* ImageIO.framework */ = {isa = PBXFileReference; lastKnownFileType = wrapper.framework; name = ImageIO.framework; path = System/Library/Frameworks/ImageIO.framework; sourceTree = SDKROOT; };
		BC114E6618A9C607004D2294 /* MobileCoreServices.framework */ = {isa = PBXFileReference; lastKnownFileType = wrapper.framework; name = MobileCoreServices.framework; path = System/Library/Frameworks/MobileCoreServices.framework; sourceTree = SDKROOT; };
		BC114E6718A9C607004D2294 /* QuartzCore.framework */ = {isa = PBXFileReference; lastKnownFileType = wrapper.framework; name = QuartzCore.framework; path = System/Library/Frameworks/QuartzCore.framework; sourceTree = SDKROOT; };
		BC114E6818A9C607004D2294 /* Security.framework */ = {isa = PBXFileReference; lastKnownFileType = wrapper.framework; name = Security.framework; path = System/Library/Frameworks/Security.framework; sourceTree = SDKROOT; };
		BC114E7018A9C692004D2294 /* KSBaseViewController.h */ = {isa = PBXFileReference; fileEncoding = 4; lastKnownFileType = sourcecode.c.h; path = KSBaseViewController.h; sourceTree = "<group>"; };
		BC114E7118A9C692004D2294 /* KSBaseViewController.m */ = {isa = PBXFileReference; fileEncoding = 4; lastKnownFileType = sourcecode.c.objc; path = KSBaseViewController.m; sourceTree = "<group>"; };
		BC114E7218A9C692004D2294 /* KSNavigationViewController.h */ = {isa = PBXFileReference; fileEncoding = 4; lastKnownFileType = sourcecode.c.h; path = KSNavigationViewController.h; sourceTree = "<group>"; };
		BC114E7318A9C692004D2294 /* KSNavigationViewController.m */ = {isa = PBXFileReference; fileEncoding = 4; lastKnownFileType = sourcecode.c.objc; path = KSNavigationViewController.m; sourceTree = "<group>"; };
		BC114E7618A9C71B004D2294 /* BGBaseViewController.h */ = {isa = PBXFileReference; fileEncoding = 4; lastKnownFileType = sourcecode.c.h; path = BGBaseViewController.h; sourceTree = "<group>"; };
		BC114E7718A9C71B004D2294 /* BGBaseViewController.m */ = {isa = PBXFileReference; fileEncoding = 4; lastKnownFileType = sourcecode.c.objc; path = BGBaseViewController.m; sourceTree = "<group>"; };
		BC114E7A18A9C749004D2294 /* BGNavigationViewController.h */ = {isa = PBXFileReference; fileEncoding = 4; lastKnownFileType = sourcecode.c.h; path = BGNavigationViewController.h; sourceTree = "<group>"; };
		BC114E7B18A9C749004D2294 /* BGNavigationViewController.m */ = {isa = PBXFileReference; fileEncoding = 4; lastKnownFileType = sourcecode.c.objc; path = BGNavigationViewController.m; sourceTree = "<group>"; };
		BC114E7D18A9C774004D2294 /* BGMainMenuViewController.h */ = {isa = PBXFileReference; fileEncoding = 4; lastKnownFileType = sourcecode.c.h; path = BGMainMenuViewController.h; sourceTree = "<group>"; };
		BC114E7E18A9C774004D2294 /* BGMainMenuViewController.m */ = {isa = PBXFileReference; fileEncoding = 4; lastKnownFileType = sourcecode.c.objc; path = BGMainMenuViewController.m; sourceTree = "<group>"; };
		BC114E8018A9C784004D2294 /* BGGameViewController.h */ = {isa = PBXFileReference; fileEncoding = 4; lastKnownFileType = sourcecode.c.h; path = BGGameViewController.h; sourceTree = "<group>"; };
		BC114E8118A9C784004D2294 /* BGGameViewController.m */ = {isa = PBXFileReference; fileEncoding = 4; lastKnownFileType = sourcecode.c.objc; path = BGGameViewController.m; sourceTree = "<group>"; };
		BC114E8318A9C99F004D2294 /* SpriteKit.framework */ = {isa = PBXFileReference; lastKnownFileType = wrapper.framework; name = SpriteKit.framework; path = System/Library/Frameworks/SpriteKit.framework; sourceTree = SDKROOT; };
		BC114E8518A9CB05004D2294 /* GameScene.h */ = {isa = PBXFileReference; fileEncoding = 4; lastKnownFileType = sourcecode.c.h; path = GameScene.h; sourceTree = "<group>"; };
		BC114E8618A9CB05004D2294 /* GameScene.m */ = {isa = PBXFileReference; fileEncoding = 4; lastKnownFileType = sourcecode.c.objc; path = GameScene.m; sourceTree = "<group>"; };
		BC114E9018A9D06F004D2294 /* GameOverScene.h */ = {isa = PBXFileReference; fileEncoding = 4; lastKnownFileType = sourcecode.c.h; path = GameOverScene.h; sourceTree = "<group>"; };
		BC114E9118A9D06F004D2294 /* GameOverScene.m */ = {isa = PBXFileReference; fileEncoding = 4; lastKnownFileType = sourcecode.c.objc; path = GameOverScene.m; sourceTree = "<group>"; };
		BC114E9D18ADC579004D2294 /* bird1@2x.png */ = {isa = PBXFileReference; lastKnownFileType = image.png; path = "bird1@2x.png"; sourceTree = "<group>"; };
		BC114E9E18ADC579004D2294 /* bird2@2x.png */ = {isa = PBXFileReference; lastKnownFileType = image.png; path = "bird2@2x.png"; sourceTree = "<group>"; };
		BC114E9F18ADC579004D2294 /* floor@2x.png */ = {isa = PBXFileReference; lastKnownFileType = image.png; path = "floor@2x.png"; sourceTree = "<group>"; };
		BC114EA018ADC579004D2294 /* pipe@2x.png */ = {isa = PBXFileReference; lastKnownFileType = image.png; path = "pipe@2x.png"; sourceTree = "<group>"; };
		BC114EA118ADC579004D2294 /* sky@2x.png */ = {isa = PBXFileReference; lastKnownFileType = image.png; path = "sky@2x.png"; sourceTree = "<group>"; };
		BC114EA318ADC579004D2294 /* Fipps-Regular.otf */ = {isa = PBXFileReference; lastKnownFileType = file; path = "Fipps-Regular.otf"; sourceTree = "<group>"; };
		BC114EA518ADC579004D2294 /* Default-568h@2x.png */ = {isa = PBXFileReference; lastKnownFileType = image.png; path = "Default-568h@2x.png"; sourceTree = "<group>"; };
		BC114EA618ADC579004D2294 /* Default@2x.png */ = {isa = PBXFileReference; lastKnownFileType = image.png; path = "Default@2x.png"; sourceTree = "<group>"; };
		BC114EA818ADC579004D2294 /* Icon-40.png */ = {isa = PBXFileReference; lastKnownFileType = image.png; path = "Icon-40.png"; sourceTree = "<group>"; };
		BC114EA918ADC579004D2294 /* Icon-40@2x.png */ = {isa = PBXFileReference; lastKnownFileType = image.png; path = "Icon-40@2x.png"; sourceTree = "<group>"; };
		BC114EAA18ADC579004D2294 /* Icon-60.png */ = {isa = PBXFileReference; lastKnownFileType = image.png; path = "Icon-60.png"; sourceTree = "<group>"; };
		BC114EAB18ADC579004D2294 /* Icon-60@2x.png */ = {isa = PBXFileReference; lastKnownFileType = image.png; path = "Icon-60@2x.png"; sourceTree = "<group>"; };
		BC114EAC18ADC579004D2294 /* Icon-72.png */ = {isa = PBXFileReference; lastKnownFileType = image.png; path = "Icon-72.png"; sourceTree = "<group>"; };
		BC114EAD18ADC579004D2294 /* Icon-72@2x.png */ = {isa = PBXFileReference; lastKnownFileType = image.png; path = "Icon-72@2x.png"; sourceTree = "<group>"; };
		BC114EAE18ADC579004D2294 /* Icon-76.png */ = {isa = PBXFileReference; lastKnownFileType = image.png; path = "Icon-76.png"; sourceTree = "<group>"; };
		BC114EAF18ADC579004D2294 /* Icon-76@2x.png */ = {isa = PBXFileReference; lastKnownFileType = image.png; path = "Icon-76@2x.png"; sourceTree = "<group>"; };
		BC114EB018ADC579004D2294 /* Icon-Small-50.png */ = {isa = PBXFileReference; lastKnownFileType = image.png; path = "Icon-Small-50.png"; sourceTree = "<group>"; };
		BC114EB118ADC579004D2294 /* Icon-Small-50@2x.png */ = {isa = PBXFileReference; lastKnownFileType = image.png; path = "Icon-Small-50@2x.png"; sourceTree = "<group>"; };
		BC114EB218ADC579004D2294 /* Icon-Small.png */ = {isa = PBXFileReference; lastKnownFileType = image.png; path = "Icon-Small.png"; sourceTree = "<group>"; };
		BC114EB318ADC579004D2294 /* Icon-Small@2x.png */ = {isa = PBXFileReference; lastKnownFileType = image.png; path = "Icon-Small@2x.png"; sourceTree = "<group>"; };
		BC114EB418ADC579004D2294 /* Icon.png */ = {isa = PBXFileReference; lastKnownFileType = image.png; path = Icon.png; sourceTree = "<group>"; };
		BC114EB518ADC579004D2294 /* Icon@2x.png */ = {isa = PBXFileReference; lastKnownFileType = image.png; path = "Icon@2x.png"; sourceTree = "<group>"; };
		BC114EB618ADC579004D2294 /* iTunesArtwork.png */ = {isa = PBXFileReference; lastKnownFileType = image.png; path = iTunesArtwork.png; sourceTree = "<group>"; };
		BC114EB718ADC579004D2294 /* iTunesArtwork@2x.png */ = {isa = PBXFileReference; lastKnownFileType = image.png; path = "iTunesArtwork@2x.png"; sourceTree = "<group>"; };
		BC114EB918ADC579004D2294 /* coin.wav */ = {isa = PBXFileReference; lastKnownFileType = audio.wav; path = coin.wav; sourceTree = "<group>"; };
		BC114EBA18ADC579004D2294 /* gameover.wav */ = {isa = PBXFileReference; lastKnownFileType = audio.wav; path = gameover.wav; sourceTree = "<group>"; };
		BC114EBB18ADC579004D2294 /* jump.mp3 */ = {isa = PBXFileReference; lastKnownFileType = audio.mp3; path = jump.mp3; sourceTree = "<group>"; };
		BC114EBC18ADC579004D2294 /* jump.wav */ = {isa = PBXFileReference; lastKnownFileType = audio.wav; path = jump.wav; sourceTree = "<group>"; };
		BC114ED918ADC661004D2294 /* BGBird.h */ = {isa = PBXFileReference; fileEncoding = 4; lastKnownFileType = sourcecode.c.h; path = BGBird.h; sourceTree = "<group>"; };
		BC114EDA18ADC661004D2294 /* BGBird.m */ = {isa = PBXFileReference; fileEncoding = 4; lastKnownFileType = sourcecode.c.objc; path = BGBird.m; sourceTree = "<group>"; };
/* End PBXFileReference section */

/* Begin PBXFrameworksBuildPhase section */
		BC114C0318A9C28F004D2294 /* Frameworks */ = {
			isa = PBXFrameworksBuildPhase;
			buildActionMask = 2147483647;
			files = (
				BC114E8418A9C99F004D2294 /* SpriteKit.framework in Frameworks */,
				BC114E6918A9C607004D2294 /* CoreImage.framework in Frameworks */,
				BC114E6A18A9C607004D2294 /* CoreText.framework in Frameworks */,
				BC114E6B18A9C607004D2294 /* iAd.framework in Frameworks */,
				BC114E6C18A9C607004D2294 /* ImageIO.framework in Frameworks */,
				BC114E6D18A9C607004D2294 /* MobileCoreServices.framework in Frameworks */,
				BC114E6E18A9C607004D2294 /* QuartzCore.framework in Frameworks */,
				BC114E6F18A9C607004D2294 /* Security.framework in Frameworks */,
				BC114E5A18A9C5DD004D2294 /* Accelerate.framework in Frameworks */,
				BC114E5B18A9C5DD004D2294 /* Accounts.framework in Frameworks */,
				BC114E5C18A9C5DD004D2294 /* AdSupport.framework in Frameworks */,
				BC114E5D18A9C5DD004D2294 /* AudioToolbox.framework in Frameworks */,
				BC114E5F18A9C5DD004D2294 /* AVFoundation.framework in Frameworks */,
				BC114E6018A9C5DD004D2294 /* CFNetwork.framework in Frameworks */,
				BC114E6118A9C5DD004D2294 /* CoreAudio.framework in Frameworks */,
				BC114C0C18A9C28F004D2294 /* CoreGraphics.framework in Frameworks */,
				BC114C0E18A9C28F004D2294 /* UIKit.framework in Frameworks */,
				BC114C0A18A9C28F004D2294 /* Foundation.framework in Frameworks */,
				BC114E1518A9C472004D2294 /* libTestFlight.a in Frameworks */,
			);
			runOnlyForDeploymentPostprocessing = 0;
		};
		BC114C1E18A9C28F004D2294 /* Frameworks */ = {
			isa = PBXFrameworksBuildPhase;
			buildActionMask = 2147483647;
			files = (
				BC114C2318A9C28F004D2294 /* XCTest.framework in Frameworks */,
				BC114C2518A9C28F004D2294 /* UIKit.framework in Frameworks */,
				BC114C2418A9C28F004D2294 /* Foundation.framework in Frameworks */,
			);
			runOnlyForDeploymentPostprocessing = 0;
		};
/* End PBXFrameworksBuildPhase section */

/* Begin PBXGroup section */
		BC114BFD18A9C28F004D2294 = {
			isa = PBXGroup;
			children = (
				BC114C0F18A9C28F004D2294 /* bitbird-ios */,
				BC114C2818A9C28F004D2294 /* bitbird-iosTests */,
				BC114C0818A9C28F004D2294 /* Frameworks */,
				BC114C0718A9C28F004D2294 /* Products */,
			);
			sourceTree = "<group>";
		};
		BC114C0718A9C28F004D2294 /* Products */ = {
			isa = PBXGroup;
			children = (
				BC114C0618A9C28F004D2294 /* Bit Bird.app */,
				BC114C2118A9C28F004D2294 /* bitbird-iosTests.xctest */,
			);
			name = Products;
			sourceTree = "<group>";
		};
		BC114C0818A9C28F004D2294 /* Frameworks */ = {
			isa = PBXGroup;
			children = (
				BC114E8318A9C99F004D2294 /* SpriteKit.framework */,
				BC114E6218A9C607004D2294 /* CoreImage.framework */,
				BC114E6318A9C607004D2294 /* CoreText.framework */,
				BC114E6418A9C607004D2294 /* iAd.framework */,
				BC114E6518A9C607004D2294 /* ImageIO.framework */,
				BC114E6618A9C607004D2294 /* MobileCoreServices.framework */,
				BC114E6718A9C607004D2294 /* QuartzCore.framework */,
				BC114E6818A9C607004D2294 /* Security.framework */,
				BC114E5218A9C5DD004D2294 /* Accelerate.framework */,
				BC114E5318A9C5DD004D2294 /* Accounts.framework */,
				BC114E5418A9C5DD004D2294 /* AdSupport.framework */,
				BC114E5518A9C5DD004D2294 /* AudioToolbox.framework */,
				BC114E5618A9C5DD004D2294 /* AudioUnit.framework */,
				BC114E5718A9C5DD004D2294 /* AVFoundation.framework */,
				BC114E5818A9C5DD004D2294 /* CFNetwork.framework */,
				BC114E5918A9C5DD004D2294 /* CoreAudio.framework */,
				BC114C0918A9C28F004D2294 /* Foundation.framework */,
				BC114C0B18A9C28F004D2294 /* CoreGraphics.framework */,
				BC114C0D18A9C28F004D2294 /* UIKit.framework */,
				BC114C2218A9C28F004D2294 /* XCTest.framework */,
			);
			name = Frameworks;
			sourceTree = "<group>";
		};
		BC114C0F18A9C28F004D2294 /* bitbird-ios */ = {
			isa = PBXGroup;
			children = (
				BC114E8818A9CFED004D2294 /* assets */,
				BC114E3318A9C4BF004D2294 /* classes */,
				BC114C5418A9C471004D2294 /* vendor */,
				BC114C1818A9C28F004D2294 /* BGAppDelegate.h */,
				BC114C1918A9C28F004D2294 /* BGAppDelegate.m */,
				BC114C1B18A9C28F004D2294 /* Images.xcassets */,
				BC114C1018A9C28F004D2294 /* Supporting Files */,
			);
			path = "bitbird-ios";
			sourceTree = "<group>";
		};
		BC114C1018A9C28F004D2294 /* Supporting Files */ = {
			isa = PBXGroup;
			children = (
				BC114C1118A9C28F004D2294 /* bitbird-ios-Info.plist */,
				BC114C1218A9C28F004D2294 /* InfoPlist.strings */,
				BC114C1518A9C28F004D2294 /* main.m */,
				BC114C1718A9C28F004D2294 /* bitbird-ios-Prefix.pch */,
			);
			name = "Supporting Files";
			sourceTree = "<group>";
		};
		BC114C2818A9C28F004D2294 /* bitbird-iosTests */ = {
			isa = PBXGroup;
			children = (
				BC114C2E18A9C28F004D2294 /* bitbird_iosTests.m */,
				BC114C2918A9C28F004D2294 /* Supporting Files */,
			);
			path = "bitbird-iosTests";
			sourceTree = "<group>";
		};
		BC114C2918A9C28F004D2294 /* Supporting Files */ = {
			isa = PBXGroup;
			children = (
				BC114C2A18A9C28F004D2294 /* bitbird-iosTests-Info.plist */,
				BC114C2B18A9C28F004D2294 /* InfoPlist.strings */,
			);
			name = "Supporting Files";
			sourceTree = "<group>";
		};
		BC114C5418A9C471004D2294 /* vendor */ = {
			isa = PBXGroup;
			children = (
				BC114C5518A9C471004D2294 /* AppleSampleCode */,
				BC114C5A18A9C471004D2294 /* GoogleToolbox */,
				BC114C6418A9C471004D2294 /* JSONKit */,
				BC114D7818A9C472004D2294 /* TestFlight */,
				BC114D7D18A9C472004D2294 /* UIDeviceExtension */,
			);
			path = vendor;
			sourceTree = "<group>";
		};
		BC114C5518A9C471004D2294 /* AppleSampleCode */ = {
			isa = PBXGroup;
			children = (
				BC114C5618A9C471004D2294 /* KeychainItemWrapper.h */,
				BC114C5718A9C471004D2294 /* KeychainItemWrapper.m */,
				BC114C5818A9C471004D2294 /* wwanconnect.c */,
				BC114C5918A9C471004D2294 /* wwanconnect.h */,
			);
			path = AppleSampleCode;
			sourceTree = "<group>";
		};
		BC114C5A18A9C471004D2294 /* GoogleToolbox */ = {
			isa = PBXGroup;
			children = (
				BC114C6018A9C471004D2294 /* Foundation */,
				BC114C6318A9C471004D2294 /* GTMDefines.h */,
			);
			path = GoogleToolbox;
			sourceTree = "<group>";
		};
		BC114C6018A9C471004D2294 /* Foundation */ = {
			isa = PBXGroup;
			children = (
				BC114C6118A9C471004D2294 /* GTMNSString+HTML.h */,
				BC114C6218A9C471004D2294 /* GTMNSString+HTML.m */,
			);
			path = Foundation;
			sourceTree = "<group>";
		};
		BC114C6418A9C471004D2294 /* JSONKit */ = {
			isa = PBXGroup;
			children = (
				BC114C6518A9C471004D2294 /* JSONKit.h */,
				BC114C6618A9C471004D2294 /* JSONKit.m */,
			);
			path = JSONKit;
			sourceTree = "<group>";
		};
		BC114D7818A9C472004D2294 /* TestFlight */ = {
			isa = PBXGroup;
			children = (
				BC114D7918A9C472004D2294 /* libTestFlight.a */,
				BC114D7A18A9C472004D2294 /* TestFlight+AsyncLogging.h */,
				BC114D7B18A9C472004D2294 /* TestFlight+ManualSessions.h */,
				BC114D7C18A9C472004D2294 /* TestFlight.h */,
			);
			path = TestFlight;
			sourceTree = "<group>";
		};
		BC114D7D18A9C472004D2294 /* UIDeviceExtension */ = {
			isa = PBXGroup;
			children = (
				BC114D8418A9C472004D2294 /* UIDevice-Orientation.h */,
				BC114D8518A9C472004D2294 /* UIDevice-Orientation.m */,
				BC114D8618A9C472004D2294 /* UIDevice-Reachability.h */,
				BC114D8718A9C472004D2294 /* UIDevice-Reachability.m */,
			);
			path = UIDeviceExtension;
			sourceTree = "<group>";
		};
		BC114E3318A9C4BF004D2294 /* classes */ = {
			isa = PBXGroup;
			children = (
				BC114E3418A9C4BF004D2294 /* additions */,
				BC114E4118A9C4BF004D2294 /* controllers */,
				BC114E4218A9C4BF004D2294 /* models */,
				BC114E4318A9C4BF004D2294 /* net */,
				BC114E4418A9C4BF004D2294 /* utils */,
				BC114E4818A9C4BF004D2294 /* views */,
			);
			path = classes;
			sourceTree = "<group>";
		};
		BC114E3418A9C4BF004D2294 /* additions */ = {
			isa = PBXGroup;
			children = (
				BC114E3518A9C4BF004D2294 /* NSError+Additions.h */,
				BC114E3618A9C4BF004D2294 /* NSError+Additions.m */,
				BC114E3718A9C4BF004D2294 /* NSString+Additions.h */,
				BC114E3818A9C4BF004D2294 /* NSString+Additions.m */,
				BC114E3918A9C4BF004D2294 /* NSString+HTML.h */,
				BC114E3A18A9C4BF004D2294 /* NSString+HTML.m */,
				BC114E3B18A9C4BF004D2294 /* UIImage+Additions.h */,
				BC114E3C18A9C4BF004D2294 /* UIImage+Additions.m */,
				BC114E3D18A9C4BF004D2294 /* UILabel+FlexibleHeight.h */,
				BC114E3E18A9C4BF004D2294 /* UILabel+FlexibleHeight.m */,
				BC114E3F18A9C4BF004D2294 /* UILabel+LatoFont.h */,
				BC114E4018A9C4BF004D2294 /* UILabel+LatoFont.m */,
			);
			path = additions;
			sourceTree = "<group>";
		};
		BC114E4118A9C4BF004D2294 /* controllers */ = {
			isa = PBXGroup;
			children = (
				BC114E7918A9C72E004D2294 /* ksbase */,
				BC114E7618A9C71B004D2294 /* BGBaseViewController.h */,
				BC114E7718A9C71B004D2294 /* BGBaseViewController.m */,
				BC114E7A18A9C749004D2294 /* BGNavigationViewController.h */,
				BC114E7B18A9C749004D2294 /* BGNavigationViewController.m */,
				BC114E7D18A9C774004D2294 /* BGMainMenuViewController.h */,
				BC114E7E18A9C774004D2294 /* BGMainMenuViewController.m */,
				BC114E8018A9C784004D2294 /* BGGameViewController.h */,
				BC114E8118A9C784004D2294 /* BGGameViewController.m */,
			);
			path = controllers;
			sourceTree = "<group>";
		};
		BC114E4218A9C4BF004D2294 /* models */ = {
			isa = PBXGroup;
			children = (
			);
			path = models;
			sourceTree = "<group>";
		};
		BC114E4318A9C4BF004D2294 /* net */ = {
			isa = PBXGroup;
			children = (
			);
			path = net;
			sourceTree = "<group>";
		};
		BC114E4418A9C4BF004D2294 /* utils */ = {
			isa = PBXGroup;
			children = (
				BC114E4518A9C4BF004D2294 /* BGConstants.h */,
				BC114E4618A9C4BF004D2294 /* BGUIConstants.h */,
				BC114E4718A9C4BF004D2294 /* KSMacros.h */,
			);
			path = utils;
			sourceTree = "<group>";
		};
		BC114E4818A9C4BF004D2294 /* views */ = {
			isa = PBXGroup;
			children = (
				BC114E4A18A9C4BF004D2294 /* game */,
				BC114E4B18A9C4BF004D2294 /* main */,
			);
			path = views;
			sourceTree = "<group>";
		};
		BC114E4A18A9C4BF004D2294 /* game */ = {
			isa = PBXGroup;
			children = (
				BC114E8518A9CB05004D2294 /* GameScene.h */,
				BC114E8618A9CB05004D2294 /* GameScene.m */,
				BC114E9018A9D06F004D2294 /* GameOverScene.h */,
				BC114E9118A9D06F004D2294 /* GameOverScene.m */,
				BC114ED918ADC661004D2294 /* BGBird.h */,
				BC114EDA18ADC661004D2294 /* BGBird.m */,
			);
			path = game;
			sourceTree = "<group>";
		};
		BC114E4B18A9C4BF004D2294 /* main */ = {
			isa = PBXGroup;
			children = (
			);
			path = main;
			sourceTree = "<group>";
		};
		BC114E7918A9C72E004D2294 /* ksbase */ = {
			isa = PBXGroup;
			children = (
				BC114E7018A9C692004D2294 /* KSBaseViewController.h */,
				BC114E7118A9C692004D2294 /* KSBaseViewController.m */,
				BC114E7218A9C692004D2294 /* KSNavigationViewController.h */,
				BC114E7318A9C692004D2294 /* KSNavigationViewController.m */,
			);
			name = ksbase;
			sourceTree = "<group>";
		};
		BC114E8818A9CFED004D2294 /* assets */ = {
			isa = PBXGroup;
			children = (
				BC114E9C18ADC579004D2294 /* art */,
				BC114EA218ADC579004D2294 /* fonts */,
				BC114EA418ADC579004D2294 /* launch */,
				BC114EA718ADC579004D2294 /* logo */,
				BC114EB818ADC579004D2294 /* sounds */,
			);
			path = assets;
			sourceTree = "<group>";
		};
		BC114E9C18ADC579004D2294 /* art */ = {
			isa = PBXGroup;
			children = (
				BC114E9D18ADC579004D2294 /* bird1@2x.png */,
				BC114E9E18ADC579004D2294 /* bird2@2x.png */,
				BC114E9F18ADC579004D2294 /* floor@2x.png */,
				BC114EA018ADC579004D2294 /* pipe@2x.png */,
				BC114EA118ADC579004D2294 /* sky@2x.png */,
			);
			path = art;
			sourceTree = "<group>";
		};
		BC114EA218ADC579004D2294 /* fonts */ = {
			isa = PBXGroup;
			children = (
				BC114EA318ADC579004D2294 /* Fipps-Regular.otf */,
			);
			path = fonts;
			sourceTree = "<group>";
		};
		BC114EA418ADC579004D2294 /* launch */ = {
			isa = PBXGroup;
			children = (
				BC114EA518ADC579004D2294 /* Default-568h@2x.png */,
				BC114EA618ADC579004D2294 /* Default@2x.png */,
			);
			path = launch;
			sourceTree = "<group>";
		};
		BC114EA718ADC579004D2294 /* logo */ = {
			isa = PBXGroup;
			children = (
				BC114EA818ADC579004D2294 /* Icon-40.png */,
				BC114EA918ADC579004D2294 /* Icon-40@2x.png */,
				BC114EAA18ADC579004D2294 /* Icon-60.png */,
				BC114EAB18ADC579004D2294 /* Icon-60@2x.png */,
				BC114EAC18ADC579004D2294 /* Icon-72.png */,
				BC114EAD18ADC579004D2294 /* Icon-72@2x.png */,
				BC114EAE18ADC579004D2294 /* Icon-76.png */,
				BC114EAF18ADC579004D2294 /* Icon-76@2x.png */,
				BC114EB018ADC579004D2294 /* Icon-Small-50.png */,
				BC114EB118ADC579004D2294 /* Icon-Small-50@2x.png */,
				BC114EB218ADC579004D2294 /* Icon-Small.png */,
				BC114EB318ADC579004D2294 /* Icon-Small@2x.png */,
				BC114EB418ADC579004D2294 /* Icon.png */,
				BC114EB518ADC579004D2294 /* Icon@2x.png */,
				BC114EB618ADC579004D2294 /* iTunesArtwork.png */,
				BC114EB718ADC579004D2294 /* iTunesArtwork@2x.png */,
			);
			path = logo;
			sourceTree = "<group>";
		};
		BC114EB818ADC579004D2294 /* sounds */ = {
			isa = PBXGroup;
			children = (
				BC114EB918ADC579004D2294 /* coin.wav */,
				BC114EBA18ADC579004D2294 /* gameover.wav */,
				BC114EBB18ADC579004D2294 /* jump.mp3 */,
				BC114EBC18ADC579004D2294 /* jump.wav */,
			);
			path = sounds;
			sourceTree = "<group>";
		};
/* End PBXGroup section */

/* Begin PBXNativeTarget section */
		BC114C0518A9C28F004D2294 /* bitbird-ios */ = {
			isa = PBXNativeTarget;
			buildConfigurationList = BC114C3218A9C28F004D2294 /* Build configuration list for PBXNativeTarget "bitbird-ios" */;
			buildPhases = (
				BC114C0218A9C28F004D2294 /* Sources */,
				BC114C0318A9C28F004D2294 /* Frameworks */,
				BC114C0418A9C28F004D2294 /* Resources */,
			);
			buildRules = (
			);
			dependencies = (
			);
			name = "bitbird-ios";
			productName = "bitbird-ios";
			productReference = BC114C0618A9C28F004D2294 /* Bit Bird.app */;
			productType = "com.apple.product-type.application";
		};
		BC114C2018A9C28F004D2294 /* bitbird-iosTests */ = {
			isa = PBXNativeTarget;
			buildConfigurationList = BC114C3518A9C28F004D2294 /* Build configuration list for PBXNativeTarget "bitbird-iosTests" */;
			buildPhases = (
				BC114C1D18A9C28F004D2294 /* Sources */,
				BC114C1E18A9C28F004D2294 /* Frameworks */,
				BC114C1F18A9C28F004D2294 /* Resources */,
			);
			buildRules = (
			);
			dependencies = (
				BC114C2718A9C28F004D2294 /* PBXTargetDependency */,
			);
			name = "bitbird-iosTests";
			productName = "bitbird-iosTests";
			productReference = BC114C2118A9C28F004D2294 /* bitbird-iosTests.xctest */;
			productType = "com.apple.product-type.bundle.unit-test";
		};
/* End PBXNativeTarget section */

/* Begin PBXProject section */
		BC114BFE18A9C28F004D2294 /* Project object */ = {
			isa = PBXProject;
			attributes = {
				CLASSPREFIX = BG;
				LastUpgradeCheck = 0500;
				ORGANIZATIONNAME = BitGames;
				TargetAttributes = {
					BC114C2018A9C28F004D2294 = {
						TestTargetID = BC114C0518A9C28F004D2294;
					};
				};
			};
			buildConfigurationList = BC114C0118A9C28F004D2294 /* Build configuration list for PBXProject "bitbird-ios" */;
			compatibilityVersion = "Xcode 3.2";
			developmentRegion = English;
			hasScannedForEncodings = 0;
			knownRegions = (
				en,
			);
			mainGroup = BC114BFD18A9C28F004D2294;
			productRefGroup = BC114C0718A9C28F004D2294 /* Products */;
			projectDirPath = "";
			projectRoot = "";
			targets = (
				BC114C0518A9C28F004D2294 /* bitbird-ios */,
				BC114C2018A9C28F004D2294 /* bitbird-iosTests */,
			);
		};
/* End PBXProject section */

/* Begin PBXResourcesBuildPhase section */
		BC114C0418A9C28F004D2294 /* Resources */ = {
			isa = PBXResourcesBuildPhase;
			buildActionMask = 2147483647;
			files = (
				BC114ED818ADC579004D2294 /* jump.wav in Resources */,
				BC114ECD18ADC579004D2294 /* Icon-Small-50.png in Resources */,
				BC114ED218ADC579004D2294 /* Icon@2x.png in Resources */,
				BC114EBE18ADC579004D2294 /* bird2@2x.png in Resources */,
				BC114ECE18ADC579004D2294 /* Icon-Small-50@2x.png in Resources */,
				BC114EC218ADC579004D2294 /* Fipps-Regular.otf in Resources */,
				BC114EC418ADC579004D2294 /* Default@2x.png in Resources */,
				BC114EC818ADC579004D2294 /* Icon-60@2x.png in Resources */,
				BC114EC318ADC579004D2294 /* Default-568h@2x.png in Resources */,
				BC114C1418A9C28F004D2294 /* InfoPlist.strings in Resources */,
				BC114ECF18ADC579004D2294 /* Icon-Small.png in Resources */,
				BC114ED118ADC579004D2294 /* Icon.png in Resources */,
				BC114EC118ADC579004D2294 /* sky@2x.png in Resources */,
				BC114EBF18ADC579004D2294 /* floor@2x.png in Resources */,
				BC114EC718ADC579004D2294 /* Icon-60.png in Resources */,
				BC114C1C18A9C28F004D2294 /* Images.xcassets in Resources */,
				BC114ECC18ADC579004D2294 /* Icon-76@2x.png in Resources */,
				BC114ECA18ADC579004D2294 /* Icon-72@2x.png in Resources */,
				BC114EC018ADC579004D2294 /* pipe@2x.png in Resources */,
				BC114ECB18ADC579004D2294 /* Icon-76.png in Resources */,
				BC114ED718ADC579004D2294 /* jump.mp3 in Resources */,
				BC114EC918ADC579004D2294 /* Icon-72.png in Resources */,
				BC114EC618ADC579004D2294 /* Icon-40@2x.png in Resources */,
				BC114EC518ADC579004D2294 /* Icon-40.png in Resources */,
				BC114ED618ADC579004D2294 /* gameover.wav in Resources */,
				BC114EBD18ADC579004D2294 /* bird1@2x.png in Resources */,
				BC114ED418ADC579004D2294 /* iTunesArtwork@2x.png in Resources */,
				BC114ED518ADC579004D2294 /* coin.wav in Resources */,
				BC114ED318ADC579004D2294 /* iTunesArtwork.png in Resources */,
				BC114ED018ADC579004D2294 /* Icon-Small@2x.png in Resources */,
			);
			runOnlyForDeploymentPostprocessing = 0;
		};
		BC114C1F18A9C28F004D2294 /* Resources */ = {
			isa = PBXResourcesBuildPhase;
			buildActionMask = 2147483647;
			files = (
				BC114C2D18A9C28F004D2294 /* InfoPlist.strings in Resources */,
			);
			runOnlyForDeploymentPostprocessing = 0;
		};
/* End PBXResourcesBuildPhase section */

/* Begin PBXSourcesBuildPhase section */
		BC114C0218A9C28F004D2294 /* Sources */ = {
			isa = PBXSourcesBuildPhase;
			buildActionMask = 2147483647;
			files = (
				BC114E7818A9C71B004D2294 /* BGBaseViewController.m in Sources */,
				BC114E4F18A9C4BF004D2294 /* UIImage+Additions.m in Sources */,
				BC114E9218A9D06F004D2294 /* GameOverScene.m in Sources */,
				BC114E4E18A9C4BF004D2294 /* NSString+HTML.m in Sources */,
				BC114E4C18A9C4BF004D2294 /* NSError+Additions.m in Sources */,
				BC114E1A18A9C472004D2294 /* UIDevice-Reachability.m in Sources */,
				BC114C1618A9C28F004D2294 /* main.m in Sources */,
				BC114D8918A9C472004D2294 /* wwanconnect.c in Sources */,
				BC114C1A18A9C28F004D2294 /* BGAppDelegate.m in Sources */,
				BC114EDB18ADC661004D2294 /* BGBird.m in Sources */,
				BC114E5018A9C4BF004D2294 /* UILabel+FlexibleHeight.m in Sources */,
				BC114E4D18A9C4BF004D2294 /* NSString+Additions.m in Sources */,
				BC114E8718A9CB05004D2294 /* GameScene.m in Sources */,
				BC114D8818A9C472004D2294 /* KeychainItemWrapper.m in Sources */,
				BC114E8218A9C784004D2294 /* BGGameViewController.m in Sources */,
				BC114E7F18A9C774004D2294 /* BGMainMenuViewController.m in Sources */,
				BC114E7C18A9C749004D2294 /* BGNavigationViewController.m in Sources */,
				BC114E1918A9C472004D2294 /* UIDevice-Orientation.m in Sources */,
				BC114D8D18A9C472004D2294 /* JSONKit.m in Sources */,
				BC114D8C18A9C472004D2294 /* GTMNSString+HTML.m in Sources */,
				BC114E7418A9C692004D2294 /* KSBaseViewController.m in Sources */,
				BC114E5118A9C4BF004D2294 /* UILabel+LatoFont.m in Sources */,
				BC114E7518A9C692004D2294 /* KSNavigationViewController.m in Sources */,
			);
			runOnlyForDeploymentPostprocessing = 0;
		};
		BC114C1D18A9C28F004D2294 /* Sources */ = {
			isa = PBXSourcesBuildPhase;
			buildActionMask = 2147483647;
			files = (
				BC114C2F18A9C28F004D2294 /* bitbird_iosTests.m in Sources */,
			);
			runOnlyForDeploymentPostprocessing = 0;
		};
/* End PBXSourcesBuildPhase section */

/* Begin PBXTargetDependency section */
		BC114C2718A9C28F004D2294 /* PBXTargetDependency */ = {
			isa = PBXTargetDependency;
			target = BC114C0518A9C28F004D2294 /* bitbird-ios */;
			targetProxy = BC114C2618A9C28F004D2294 /* PBXContainerItemProxy */;
		};
/* End PBXTargetDependency section */

/* Begin PBXVariantGroup section */
		BC114C1218A9C28F004D2294 /* InfoPlist.strings */ = {
			isa = PBXVariantGroup;
			children = (
				BC114C1318A9C28F004D2294 /* en */,
			);
			name = InfoPlist.strings;
			sourceTree = "<group>";
		};
		BC114C2B18A9C28F004D2294 /* InfoPlist.strings */ = {
			isa = PBXVariantGroup;
			children = (
				BC114C2C18A9C28F004D2294 /* en */,
			);
			name = InfoPlist.strings;
			sourceTree = "<group>";
		};
/* End PBXVariantGroup section */

/* Begin XCBuildConfiguration section */
		BC114C3018A9C28F004D2294 /* Debug */ = {
			isa = XCBuildConfiguration;
			buildSettings = {
				ALWAYS_SEARCH_USER_PATHS = NO;
				ARCHS = "$(ARCHS_STANDARD_INCLUDING_64_BIT)";
				CLANG_CXX_LANGUAGE_STANDARD = "gnu++0x";
				CLANG_CXX_LIBRARY = "libc++";
				CLANG_ENABLE_MODULES = YES;
				CLANG_ENABLE_OBJC_ARC = YES;
				CLANG_WARN_BOOL_CONVERSION = YES;
				CLANG_WARN_CONSTANT_CONVERSION = YES;
				CLANG_WARN_DIRECT_OBJC_ISA_USAGE = YES_ERROR;
				CLANG_WARN_EMPTY_BODY = YES;
				CLANG_WARN_ENUM_CONVERSION = YES;
				CLANG_WARN_INT_CONVERSION = YES;
				CLANG_WARN_OBJC_ROOT_CLASS = YES_ERROR;
				CLANG_WARN__DUPLICATE_METHOD_MATCH = YES;
				"CODE_SIGN_IDENTITY[sdk=iphoneos*]" = "iPhone Developer";
				COPY_PHASE_STRIP = NO;
				GCC_C_LANGUAGE_STANDARD = gnu99;
				GCC_DYNAMIC_NO_PIC = NO;
				GCC_OPTIMIZATION_LEVEL = 0;
				GCC_PREPROCESSOR_DEFINITIONS = (
					"DEBUG=1",
					"$(inherited)",
				);
				GCC_SYMBOLS_PRIVATE_EXTERN = NO;
				GCC_WARN_64_TO_32_BIT_CONVERSION = YES;
				GCC_WARN_ABOUT_RETURN_TYPE = YES_ERROR;
				GCC_WARN_UNDECLARED_SELECTOR = YES;
				GCC_WARN_UNINITIALIZED_AUTOS = YES;
				GCC_WARN_UNUSED_FUNCTION = YES;
				GCC_WARN_UNUSED_VARIABLE = YES;
				IPHONEOS_DEPLOYMENT_TARGET = 5.0;
				ONLY_ACTIVE_ARCH = YES;
				SDKROOT = iphoneos;
			};
			name = Debug;
		};
		BC114C3118A9C28F004D2294 /* Release */ = {
			isa = XCBuildConfiguration;
			buildSettings = {
				ALWAYS_SEARCH_USER_PATHS = NO;
				ARCHS = "$(ARCHS_STANDARD_INCLUDING_64_BIT)";
				CLANG_CXX_LANGUAGE_STANDARD = "gnu++0x";
				CLANG_CXX_LIBRARY = "libc++";
				CLANG_ENABLE_MODULES = YES;
				CLANG_ENABLE_OBJC_ARC = YES;
				CLANG_WARN_BOOL_CONVERSION = YES;
				CLANG_WARN_CONSTANT_CONVERSION = YES;
				CLANG_WARN_DIRECT_OBJC_ISA_USAGE = YES_ERROR;
				CLANG_WARN_EMPTY_BODY = YES;
				CLANG_WARN_ENUM_CONVERSION = YES;
				CLANG_WARN_INT_CONVERSION = YES;
				CLANG_WARN_OBJC_ROOT_CLASS = YES_ERROR;
				CLANG_WARN__DUPLICATE_METHOD_MATCH = YES;
				"CODE_SIGN_IDENTITY[sdk=iphoneos*]" = "iPhone Developer";
				COPY_PHASE_STRIP = YES;
				ENABLE_NS_ASSERTIONS = NO;
				GCC_C_LANGUAGE_STANDARD = gnu99;
				GCC_WARN_64_TO_32_BIT_CONVERSION = YES;
				GCC_WARN_ABOUT_RETURN_TYPE = YES_ERROR;
				GCC_WARN_UNDECLARED_SELECTOR = YES;
				GCC_WARN_UNINITIALIZED_AUTOS = YES;
				GCC_WARN_UNUSED_FUNCTION = YES;
				GCC_WARN_UNUSED_VARIABLE = YES;
				IPHONEOS_DEPLOYMENT_TARGET = 5.0;
				SDKROOT = iphoneos;
				VALIDATE_PRODUCT = YES;
			};
			name = Release;
		};
		BC114C3318A9C28F004D2294 /* Debug */ = {
			isa = XCBuildConfiguration;
			buildSettings = {
				ASSETCATALOG_COMPILER_APPICON_NAME = AppIcon;
				ASSETCATALOG_COMPILER_LAUNCHIMAGE_NAME = LaunchImage;
				GCC_PRECOMPILE_PREFIX_HEADER = YES;
				GCC_PREFIX_HEADER = "bitbird-ios/bitbird-ios-Prefix.pch";
				INFOPLIST_FILE = "bitbird-ios/bitbird-ios-Info.plist";
				LIBRARY_SEARCH_PATHS = (
					"$(inherited)",
					"/Users/kirushanthsakthivetpillai/Documents/Kiru/Work/BitGames/bitbird/bitbird-ios/bitbird-ios/vendor/TestFlight",
				);
				PRODUCT_NAME = "Bit Bird";
				WRAPPER_EXTENSION = app;
			};
			name = Debug;
		};
		BC114C3418A9C28F004D2294 /* Release */ = {
			isa = XCBuildConfiguration;
			buildSettings = {
				ASSETCATALOG_COMPILER_APPICON_NAME = AppIcon;
				ASSETCATALOG_COMPILER_LAUNCHIMAGE_NAME = LaunchImage;
				GCC_PRECOMPILE_PREFIX_HEADER = YES;
				GCC_PREFIX_HEADER = "bitbird-ios/bitbird-ios-Prefix.pch";
				INFOPLIST_FILE = "bitbird-ios/bitbird-ios-Info.plist";
				LIBRARY_SEARCH_PATHS = (
					"$(inherited)",
					"/Users/kirushanthsakthivetpillai/Documents/Kiru/Work/BitGames/bitbird/bitbird-ios/bitbird-ios/vendor/TestFlight",
				);
				PRODUCT_NAME = "Bit Bird";
				WRAPPER_EXTENSION = app;
			};
			name = Release;
		};
		BC114C3618A9C28F004D2294 /* Debug */ = {
			isa = XCBuildConfiguration;
			buildSettings = {
				ARCHS = "$(ARCHS_STANDARD_INCLUDING_64_BIT)";
				BUNDLE_LOADER = "$(BUILT_PRODUCTS_DIR)/bitbird-ios.app/bitbird-ios";
				FRAMEWORK_SEARCH_PATHS = (
					"$(SDKROOT)/Developer/Library/Frameworks",
					"$(inherited)",
					"$(DEVELOPER_FRAMEWORKS_DIR)",
				);
				GCC_PRECOMPILE_PREFIX_HEADER = YES;
				GCC_PREFIX_HEADER = "bitbird-ios/bitbird-ios-Prefix.pch";
				GCC_PREPROCESSOR_DEFINITIONS = (
					"DEBUG=1",
					"$(inherited)",
				);
				INFOPLIST_FILE = "bitbird-iosTests/bitbird-iosTests-Info.plist";
				PRODUCT_NAME = "$(TARGET_NAME)";
				TEST_HOST = "$(BUNDLE_LOADER)";
				WRAPPER_EXTENSION = xctest;
			};
			name = Debug;
		};
		BC114C3718A9C28F004D2294 /* Release */ = {
			isa = XCBuildConfiguration;
			buildSettings = {
				ARCHS = "$(ARCHS_STANDARD_INCLUDING_64_BIT)";
				BUNDLE_LOADER = "$(BUILT_PRODUCTS_DIR)/bitbird-ios.app/bitbird-ios";
				FRAMEWORK_SEARCH_PATHS = (
					"$(SDKROOT)/Developer/Library/Frameworks",
					"$(inherited)",
					"$(DEVELOPER_FRAMEWORKS_DIR)",
				);
				GCC_PRECOMPILE_PREFIX_HEADER = YES;
				GCC_PREFIX_HEADER = "bitbird-ios/bitbird-ios-Prefix.pch";
				INFOPLIST_FILE = "bitbird-iosTests/bitbird-iosTests-Info.plist";
				PRODUCT_NAME = "$(TARGET_NAME)";
				TEST_HOST = "$(BUNDLE_LOADER)";
				WRAPPER_EXTENSION = xctest;
			};
			name = Release;
		};
/* End XCBuildConfiguration section */

/* Begin XCConfigurationList section */
		BC114C0118A9C28F004D2294 /* Build configuration list for PBXProject "bitbird-ios" */ = {
			isa = XCConfigurationList;
			buildConfigurations = (
				BC114C3018A9C28F004D2294 /* Debug */,
				BC114C3118A9C28F004D2294 /* Release */,
			);
			defaultConfigurationIsVisible = 0;
			defaultConfigurationName = Release;
		};
		BC114C3218A9C28F004D2294 /* Build configuration list for PBXNativeTarget "bitbird-ios" */ = {
			isa = XCConfigurationList;
			buildConfigurations = (
				BC114C3318A9C28F004D2294 /* Debug */,
				BC114C3418A9C28F004D2294 /* Release */,
			);
			defaultConfigurationIsVisible = 0;
			defaultConfigurationName = Release;
		};
		BC114C3518A9C28F004D2294 /* Build configuration list for PBXNativeTarget "bitbird-iosTests" */ = {
			isa = XCConfigurationList;
			buildConfigurations = (
				BC114C3618A9C28F004D2294 /* Debug */,
				BC114C3718A9C28F004D2294 /* Release */,
			);
			defaultConfigurationIsVisible = 0;
			defaultConfigurationName = Release;
		};
/* End XCConfigurationList section */
	};
	rootObject = BC114BFE18A9C28F004D2294 /* Project object */;
}
